
Microsoft Visual Studio Solution File, Format Version 12.00
# Visual Studio 15
Project("{FAE04EC0-301F-11D3-BF4B-00C04F79EFBC}") = "Assembly-CSharp", "Assembly-CSharp.csproj", "{FE268976-6D21-E2DB-8B84-696231AB1D7A}"
EndProject
Global
	GlobalSection(SolutionConfigurationPlatforms) = preSolution
		Debug|Any CPU = Debug|Any CPU
		Release|Any CPU = Release|Any CPU
	EndGlobalSection
	GlobalSection(ProjectConfigurationPlatforms) = postSolution
		{FE268976-6D21-E2DB-8B84-696231AB1D7A}.Debug|Any CPU.ActiveCfg = Debug|Any CPU
		{FE268976-6D21-E2DB-8B84-696231AB1D7A}.Debug|Any CPU.Build.0 = Debug|Any CPU
		{FE268976-6D21-E2DB-8B84-696231AB1D7A}.Release|Any CPU.ActiveCfg = Release|Any CPU
		{FE268976-6D21-E2DB-8B84-696231AB1D7A}.Release|Any CPU.Build.0 = Release|Any CPU
	EndGlobalSection
	GlobalSection(SolutionProperties) = preSolution
		HideSolutionNode = FALSE
	EndGlobalSection
EndGlobal
